PODS:
  - MMapKV (0.1.0)
  - SQLiteORM (0.1.0-beta4):
    - SQLiteORM/system (= 0.1.0-beta4)
  - SQLiteORM/common (0.1.0-beta4)
  - SQLiteORM/system (0.1.0-beta4):
    - SQLiteORM/common
  - Storage (0.1.0):
    - MMapKV
    - SQLiteORM

DEPENDENCIES:
  - MMapKV (from `../../mmapkv`)
  - SQLiteORM (from `../../database`)
  - Storage (from `../`)

EXTERNAL SOURCES:
  MMapKV:
    :path: "../../mmapkv"
  SQLiteORM:
    :path: "../../database"
  Storage:
    :path: "../"

SPEC CHECKSUMS:
  MMapKV: c84829ac620d6d4144ea15fd22bdfcd3f20163e2
  SQLiteORM: a024663406a26b40bc17c7b95b3f5d1d26e7ca9f
  Storage: 08697aa9324cd99d8c3b585057b886d85e6356cb

PODFILE CHECKSUM: 6385ac063cd3eba25748d252fd62288455014750

COCOAPODS: 1.8.3
