PODS:
  - MMapKV (0.1.0)
  - Redisable (0.1.0)
  - SQLiteORM (0.1.0-beta4):
    - SQLiteORM/system (= 0.1.0-beta4)
  - SQLiteORM/common (0.1.0-beta4)
  - SQLiteORM/system (0.1.0-beta4):
    - SQLiteORM/common
  - Storage (0.1.0):
    - MMapKV
    - Redisable
    - SQLiteORM

DEPENDENCIES:
  - MMapKV (from `../../MMapKV`)
  - Redisable (from `../../Redisable`)
  - SQLiteORM (from `../../SQLiteORM`)
  - Storage (from `../`)

EXTERNAL SOURCES:
  MMapKV:
    :path: "../../MMapKV"
  Redisable:
    :path: "../../Redisable"
  SQLiteORM:
    :path: "../../SQLiteORM"
  Storage:
    :path: "../"

SPEC CHECKSUMS:
  MMapKV: c84829ac620d6d4144ea15fd22bdfcd3f20163e2
  Redisable: 3743b1e6814255d527e921a309685063eadc55f3
  SQLiteORM: de08189eb5b33ab9c7e3adc9bc091040daea5fe3
  Storage: 49ec35fd70028329f1895bc4b546b983f95d909e

PODFILE CHECKSUM: 51f6a1dc1e06a3887f5ac136eeaa250a6b39bde6

COCOAPODS: 1.8.4
