PODS:
  - AnyCoder (0.1.1):
    - Runtime
  - MMapKV (0.1.0):
    - AnyCoder (~> 0.1.1-beta1)
  - Runtime (2.2.2)
  - SQLCipher (4.4.1):
    - SQLCipher/standard (= 4.4.1)
  - SQLCipher/common (4.4.1)
  - SQLCipher/standard (4.4.1):
    - SQLCipher/common
  - SQLiteORM (0.1.4):
    - SQLiteORM/cipher (= 0.1.4)
  - SQLiteORM/cipher (0.1.4):
    - SQLCipher
    - SQLiteORM/core
    - SQLiteORM/fts
    - SQLiteORM/util
  - SQLiteORM/core (0.1.4):
    - AnyCoder (~> 0.1.1-beta1)
  - SQLiteORM/fts (0.1.4):
    - SQLiteORM/core
  - SQLiteORM/util (0.1.4)
  - Storage.Redisable (0.1.0):
    - MMapKV (~> 0.1.0-beta1)
    - SQLiteORM (~> 0.1.4-beta2)

DEPENDENCIES:
  - AnyCoder (from `../../AnyCoder`)
  - MMapKV (from `../../MMapKV`)
  - Runtime (from `https://github.com/wickwirew/Runtime.git`)
  - SQLiteORM (from `../../SQLiteORM`)
  - Storage.Redisable (from `../`)

SPEC REPOS:
  trunk:
    - SQLCipher

EXTERNAL SOURCES:
  AnyCoder:
    :path: "../../AnyCoder"
  MMapKV:
    :path: "../../MMapKV"
  Runtime:
    :git: https://github.com/wickwirew/Runtime.git
  SQLiteORM:
    :path: "../../SQLiteORM"
  Storage.Redisable:
    :path: "../"

CHECKOUT OPTIONS:
  Runtime:
    :commit: dad03135d7701a4e7b3a4051e75d6b37bd8e178e
    :git: https://github.com/wickwirew/Runtime.git

SPEC CHECKSUMS:
  AnyCoder: f7ff281fd899268567cee517c8a13ddacc023db5
  MMapKV: 3537637fd66b1010287d69a3789ee6adbf830da5
  Runtime: 437172970c2fb5498ed14a7e2cdbcb8572954839
  SQLCipher: 0b81a39b21247c559c52c3bd2234808e626c008b
  SQLiteORM: 5a630786bae5e34ad23ff54856755035f4354530
  Storage.Redisable: 85a08e8f236cc32019bf0bf33c6065adf07211af

PODFILE CHECKSUM: 65a982fd48c3f6a6c52a4e7fbe36cd86b2636ac9

COCOAPODS: 1.11.3
